
Microsoft Visual Studio Solution File, Format Version 12.00
# Visual Studio 2013
VisualStudioVersion = 12.0.31101.0
MinimumVisualStudioVersion = 10.0.40219.1
Project("{FAE04EC0-301F-11D3-BF4B-00C04F79EFBC}") = "TeamCitySharp", "..\..\..\Users\virtualuser\Desktop\TeamCitySharp-master\TeamCitySharp-master\src\TeamCitySharp\TeamCitySharp.csproj", "{87598714-132F-478E-866E-8C1AF3E83057}"
EndProject
Project("{FAE04EC0-301F-11D3-BF4B-00C04F79EFBC}") = "Services.Test", "Services.Test\Services.Test.csproj", "{AF5C9501-E891-4589-961F-9CD6928F789F}"
EndProject
Project("{FAE04EC0-301F-11D3-BF4B-00C04F79EFBC}") = "Services", "Services\Services.csproj", "{28CB3EFF-D6BA-452A-802F-F6D222C6F8CE}"
EndProject
Global
	GlobalSection(SolutionConfigurationPlatforms) = preSolution
		Debug|Any CPU = Debug|Any CPU
		Release|Any CPU = Release|Any CPU
	EndGlobalSection
	GlobalSection(ProjectConfigurationPlatforms) = postSolution
		{87598714-132F-478E-866E-8C1AF3E83057}.Debug|Any CPU.ActiveCfg = Debug|Any CPU
		{87598714-132F-478E-866E-8C1AF3E83057}.Debug|Any CPU.Build.0 = Debug|Any CPU
		{87598714-132F-478E-866E-8C1AF3E83057}.Release|Any CPU.ActiveCfg = Release|Any CPU
		{87598714-132F-478E-866E-8C1AF3E83057}.Release|Any CPU.Build.0 = Release|Any CPU
		{AF5C9501-E891-4589-961F-9CD6928F789F}.Debug|Any CPU.ActiveCfg = Debug|Any CPU
		{AF5C9501-E891-4589-961F-9CD6928F789F}.Debug|Any CPU.Build.0 = Debug|Any CPU
		{AF5C9501-E891-4589-961F-9CD6928F789F}.Release|Any CPU.ActiveCfg = Release|Any CPU
		{AF5C9501-E891-4589-961F-9CD6928F789F}.Release|Any CPU.Build.0 = Release|Any CPU
		{28CB3EFF-D6BA-452A-802F-F6D222C6F8CE}.Debug|Any CPU.ActiveCfg = Debug|Any CPU
		{28CB3EFF-D6BA-452A-802F-F6D222C6F8CE}.Debug|Any CPU.Build.0 = Debug|Any CPU
		{28CB3EFF-D6BA-452A-802F-F6D222C6F8CE}.Release|Any CPU.ActiveCfg = Release|Any CPU
		{28CB3EFF-D6BA-452A-802F-F6D222C6F8CE}.Release|Any CPU.Build.0 = Release|Any CPU
	EndGlobalSection
	GlobalSection(SolutionProperties) = preSolution
		HideSolutionNode = FALSE
	EndGlobalSection
EndGlobal
